
Microsoft Visual Studio Solution File, Format Version 12.00
# Visual Studio Version 17
VisualStudioVersion = 17.11.35303.130
MinimumVisualStudioVersion = 10.0.40219.1
Project("{9A19103F-16F7-4668-BE54-9A1E7A4F7556}") = "BlazorApp1", "BlazorApp1\BlazorApp1.csproj", "{8EA3347D-5EF0-4BA4-A3D0-89398C28D0EC}"
EndProject
Global
	GlobalSection(SolutionConfigurationPlatforms) = preSolution
		Debug|Any CPU = Debug|Any CPU
		Release|Any CPU = Release|Any CPU
	EndGlobalSection
	GlobalSection(ProjectConfigurationPlatforms) = postSolution
		{8EA3347D-5EF0-4BA4-A3D0-89398C28D0EC}.Debug|Any CPU.ActiveCfg = Debug|Any CPU
		{8EA3347D-5EF0-4BA4-A3D0-89398C28D0EC}.Debug|Any CPU.Build.0 = Debug|Any CPU
		{8EA3347D-5EF0-4BA4-A3D0-89398C28D0EC}.Release|Any CPU.ActiveCfg = Release|Any CPU
		{8EA3347D-5EF0-4BA4-A3D0-89398C28D0EC}.Release|Any CPU.Build.0 = Release|Any CPU
	EndGlobalSection
	GlobalSection(SolutionProperties) = preSolution
		HideSolutionNode = FALSE
	EndGlobalSection
	GlobalSection(ExtensibilityGlobals) = postSolution
		SolutionGuid = {6CF27963-383F-47A7-8035-AFE858D9B5A4}
	EndGlobalSection
EndGlobal
